// !$*UTF8*$!
{
	archiveVersion = 1;
	classes = {
	};
	objectVersion = 46;
	objects = {

/* Begin PBXBuildFile section */
		0E3043E61B8C671100300CB3 /* UIImage+animatedGIF.m in Sources */ = {isa = PBXBuildFile; fileRef = 0E3043E51B8C671100300CB3 /* UIImage+animatedGIF.m */; };
		0E37602D1BBBD4F400C1D3AA /* Main.storyboard in Resources */ = {isa = PBXBuildFile; fileRef = 0E37602B1BBBD4F400C1D3AA /* Main.storyboard */; settings = {ASSET_TAGS = (); }; };
		0E40603A1BA2E08F00F305F1 /* User.swift in Sources */ = {isa = PBXBuildFile; fileRef = 0E4060391BA2E08F00F305F1 /* User.swift */; };
		0E491FC01BE8B9A20056DF7A /* SectorKnowledgeBaseTableViewController.swift in Sources */ = {isa = PBXBuildFile; fileRef = 0E491FBF1BE8B9A20056DF7A /* SectorKnowledgeBaseTableViewController.swift */; settings = {ASSET_TAGS = (); }; };
		0E77FAAB1B8B1D780080D2A8 /* sectorButtons.swift in Sources */ = {isa = PBXBuildFile; fileRef = 0E77FAAA1B8B1D780080D2A8 /* sectorButtons.swift */; };
		0E77FAAF1B8B25FE0080D2A8 /* SectorListTableViewController.swift in Sources */ = {isa = PBXBuildFile; fileRef = 0E77FAAE1B8B25FE0080D2A8 /* SectorListTableViewController.swift */; };
		0E789B051BEB6BA70028DD60 /* CaseStudy.swift in Sources */ = {isa = PBXBuildFile; fileRef = 0E789B041BEB6BA70028DD60 /* CaseStudy.swift */; settings = {ASSET_TAGS = (); }; };
		0E789B071BECE9440028DD60 /* UserBio.swift in Sources */ = {isa = PBXBuildFile; fileRef = 0E789B061BECE9440028DD60 /* UserBio.swift */; settings = {ASSET_TAGS = (); }; };
		0E8C69C31BBA83F200FA2F28 /* CaseStudySectorListTableViewController.swift in Sources */ = {isa = PBXBuildFile; fileRef = 0E8C69C21BBA83F200FA2F28 /* CaseStudySectorListTableViewController.swift */; settings = {ASSET_TAGS = (); }; };
		0E8C69C51BBA8E3600FA2F28 /* CaseStudyListTableViewController.swift in Sources */ = {isa = PBXBuildFile; fileRef = 0E8C69C41BBA8E3600FA2F28 /* CaseStudyListTableViewController.swift */; settings = {ASSET_TAGS = (); }; };
		0E8C69CD1BBACD2F00FA2F28 /* CaseStudyDetailViewController.swift in Sources */ = {isa = PBXBuildFile; fileRef = 0E8C69CC1BBACD2F00FA2F28 /* CaseStudyDetailViewController.swift */; settings = {ASSET_TAGS = (); }; };
		0EA60CD21B905BA10099FC92 /* LoadingOverlay.swift in Sources */ = {isa = PBXBuildFile; fileRef = 0EA60CD11B905BA10099FC92 /* LoadingOverlay.swift */; };
		0EB17D2D1B8610B200C59811 /* AppDelegate.swift in Sources */ = {isa = PBXBuildFile; fileRef = 0EB17D2C1B8610B200C59811 /* AppDelegate.swift */; };
		0EB17D341B8610B200C59811 /* Images.xcassets in Resources */ = {isa = PBXBuildFile; fileRef = 0EB17D331B8610B200C59811 /* Images.xcassets */; };
		0EB17D371B8610B200C59811 /* LaunchScreen.xib in Resources */ = {isa = PBXBuildFile; fileRef = 0EB17D351B8610B200C59811 /* LaunchScreen.xib */; };
		0EB17D4D1B86118400C59811 /* LoginViewController.swift in Sources */ = {isa = PBXBuildFile; fileRef = 0EB17D4C1B86118400C59811 /* LoginViewController.swift */; };
		0EB17D4F1B8611E700C59811 /* MainViewController.swift in Sources */ = {isa = PBXBuildFile; fileRef = 0EB17D4E1B8611E700C59811 /* MainViewController.swift */; };
		0EB17D511B86123700C59811 /* SectorViewController.swift in Sources */ = {isa = PBXBuildFile; fileRef = 0EB17D501B86123700C59811 /* SectorViewController.swift */; };
		0EB17D531B86127000C59811 /* BioListTableViewController.swift in Sources */ = {isa = PBXBuildFile; fileRef = 0EB17D521B86127000C59811 /* BioListTableViewController.swift */; };
		0EB17D551B8612A600C59811 /* BioDetailViewController.swift in Sources */ = {isa = PBXBuildFile; fileRef = 0EB17D541B8612A600C59811 /* BioDetailViewController.swift */; };
		0EB17D571B8612E300C59811 /* ContactViewController.swift in Sources */ = {isa = PBXBuildFile; fileRef = 0EB17D561B8612E300C59811 /* ContactViewController.swift */; };
		0EBF92041BA19333001705D1 /* SettingsTableViewController.swift in Sources */ = {isa = PBXBuildFile; fileRef = 0EBF92031BA19333001705D1 /* SettingsTableViewController.swift */; };
		0EC9BA0E1B9EE581005B8AD5 /* OpenSans-Regular.ttf in Resources */ = {isa = PBXBuildFile; fileRef = 0EC9BA0C1B9EE473005B8AD5 /* OpenSans-Regular.ttf */; };
		0EC9BA0F1B9EE581005B8AD5 /* OpenSans-ExtraBold.ttf in Resources */ = {isa = PBXBuildFile; fileRef = 0EC9BA0D1B9EE47D005B8AD5 /* OpenSans-ExtraBold.ttf */; };
		0EFD57E01BAFEDC40041FCE4 /* Reachability.swift in Sources */ = {isa = PBXBuildFile; fileRef = 0EFD57DF1BAFEDC40041FCE4 /* Reachability.swift */; settings = {ASSET_TAGS = (); }; };
/* End PBXBuildFile section */

/* Begin PBXFileReference section */
		0E3043E41B8C671100300CB3 /* UIImage+animatedGIF.h */ = {isa = PBXFileReference; fileEncoding = 4; lastKnownFileType = sourcecode.c.h; path = "UIImage+animatedGIF.h"; sourceTree = "<group>"; };
		0E3043E51B8C671100300CB3 /* UIImage+animatedGIF.m */ = {isa = PBXFileReference; fileEncoding = 4; lastKnownFileType = sourcecode.c.objc; path = "UIImage+animatedGIF.m"; sourceTree = "<group>"; };
		0E3043E71B8C674A00300CB3 /* Employee Bio App-Bridging-Header.h */ = {isa = PBXFileReference; lastKnownFileType = sourcecode.c.h; path = "Employee Bio App-Bridging-Header.h"; sourceTree = "<group>"; };
		0E37602C1BBBD4F400C1D3AA /* Base */ = {isa = PBXFileReference; lastKnownFileType = file.storyboard; name = Base; path = Base.lproj/Main.storyboard; sourceTree = "<group>"; };
		0E4060391BA2E08F00F305F1 /* User.swift */ = {isa = PBXFileReference; fileEncoding = 4; lastKnownFileType = sourcecode.swift; path = User.swift; sourceTree = "<group>"; };
		0E491FBF1BE8B9A20056DF7A /* SectorKnowledgeBaseTableViewController.swift */ = {isa = PBXFileReference; fileEncoding = 4; lastKnownFileType = sourcecode.swift; path = SectorKnowledgeBaseTableViewController.swift; sourceTree = "<group>"; };
		0E77FAAA1B8B1D780080D2A8 /* sectorButtons.swift */ = {isa = PBXFileReference; fileEncoding = 4; lastKnownFileType = sourcecode.swift; path = sectorButtons.swift; sourceTree = "<group>"; };
		0E77FAAE1B8B25FE0080D2A8 /* SectorListTableViewController.swift */ = {isa = PBXFileReference; fileEncoding = 4; lastKnownFileType = sourcecode.swift; path = SectorListTableViewController.swift; sourceTree = "<group>"; };
		0E789B041BEB6BA70028DD60 /* CaseStudy.swift */ = {isa = PBXFileReference; fileEncoding = 4; lastKnownFileType = sourcecode.swift; path = CaseStudy.swift; sourceTree = "<group>"; };
		0E789B061BECE9440028DD60 /* UserBio.swift */ = {isa = PBXFileReference; fileEncoding = 4; lastKnownFileType = sourcecode.swift; path = UserBio.swift; sourceTree = "<group>"; };
		0E8C69C21BBA83F200FA2F28 /* CaseStudySectorListTableViewController.swift */ = {isa = PBXFileReference; fileEncoding = 4; lastKnownFileType = sourcecode.swift; path = CaseStudySectorListTableViewController.swift; sourceTree = "<group>"; };
		0E8C69C41BBA8E3600FA2F28 /* CaseStudyListTableViewController.swift */ = {isa = PBXFileReference; fileEncoding = 4; lastKnownFileType = sourcecode.swift; path = CaseStudyListTableViewController.swift; sourceTree = "<group>"; };
		0E8C69CC1BBACD2F00FA2F28 /* CaseStudyDetailViewController.swift */ = {isa = PBXFileReference; fileEncoding = 4; lastKnownFileType = sourcecode.swift; path = CaseStudyDetailViewController.swift; sourceTree = "<group>"; };
		0EA60CD11B905BA10099FC92 /* LoadingOverlay.swift */ = {isa = PBXFileReference; fileEncoding = 4; lastKnownFileType = sourcecode.swift; path = LoadingOverlay.swift; sourceTree = "<group>"; };
		0EB17D271B8610B200C59811 /* KM&T World.app */ = {isa = PBXFileReference; explicitFileType = wrapper.application; includeInIndex = 0; path = "KM&T World.app"; sourceTree = BUILT_PRODUCTS_DIR; };
		0EB17D2B1B8610B200C59811 /* Info.plist */ = {isa = PBXFileReference; lastKnownFileType = text.plist.xml; path = Info.plist; sourceTree = "<group>"; };
		0EB17D2C1B8610B200C59811 /* AppDelegate.swift */ = {isa = PBXFileReference; lastKnownFileType = sourcecode.swift; path = AppDelegate.swift; sourceTree = "<group>"; };
		0EB17D331B8610B200C59811 /* Images.xcassets */ = {isa = PBXFileReference; lastKnownFileType = folder.assetcatalog; path = Images.xcassets; sourceTree = "<group>"; };
		0EB17D361B8610B200C59811 /* Base */ = {isa = PBXFileReference; lastKnownFileType = file.xib; name = Base; path = Base.lproj/LaunchScreen.xib; sourceTree = "<group>"; };
		0EB17D411B8610B200C59811 /* Info.plist */ = {isa = PBXFileReference; lastKnownFileType = text.plist.xml; path = Info.plist; sourceTree = "<group>"; };
		0EB17D421B8610B200C59811 /* Employee_Bio_AppTests.swift */ = {isa = PBXFileReference; lastKnownFileType = sourcecode.swift; path = Employee_Bio_AppTests.swift; sourceTree = "<group>"; };
		0EB17D4C1B86118400C59811 /* LoginViewController.swift */ = {isa = PBXFileReference; fileEncoding = 4; lastKnownFileType = sourcecode.swift; path = LoginViewController.swift; sourceTree = "<group>"; };
		0EB17D4E1B8611E700C59811 /* MainViewController.swift */ = {isa = PBXFileReference; fileEncoding = 4; lastKnownFileType = sourcecode.swift; path = MainViewController.swift; sourceTree = "<group>"; };
		0EB17D501B86123700C59811 /* SectorViewController.swift */ = {isa = PBXFileReference; fileEncoding = 4; lastKnownFileType = sourcecode.swift; path = SectorViewController.swift; sourceTree = "<group>"; };
		0EB17D521B86127000C59811 /* BioListTableViewController.swift */ = {isa = PBXFileReference; fileEncoding = 4; lastKnownFileType = sourcecode.swift; path = BioListTableViewController.swift; sourceTree = "<group>"; };
		0EB17D541B8612A600C59811 /* BioDetailViewController.swift */ = {isa = PBXFileReference; fileEncoding = 4; lastKnownFileType = sourcecode.swift; path = BioDetailViewController.swift; sourceTree = "<group>"; };
		0EB17D561B8612E300C59811 /* ContactViewController.swift */ = {isa = PBXFileReference; fileEncoding = 4; lastKnownFileType = sourcecode.swift; path = ContactViewController.swift; sourceTree = "<group>"; };
		0EBF92031BA19333001705D1 /* SettingsTableViewController.swift */ = {isa = PBXFileReference; fileEncoding = 4; lastKnownFileType = sourcecode.swift; path = SettingsTableViewController.swift; sourceTree = "<group>"; };
		0EC9BA0C1B9EE473005B8AD5 /* OpenSans-Regular.ttf */ = {isa = PBXFileReference; lastKnownFileType = file; path = "OpenSans-Regular.ttf"; sourceTree = "<group>"; };
		0EC9BA0D1B9EE47D005B8AD5 /* OpenSans-ExtraBold.ttf */ = {isa = PBXFileReference; lastKnownFileType = file; path = "OpenSans-ExtraBold.ttf"; sourceTree = "<group>"; };
		0EFD57DF1BAFEDC40041FCE4 /* Reachability.swift */ = {isa = PBXFileReference; fileEncoding = 4; lastKnownFileType = sourcecode.swift; path = Reachability.swift; sourceTree = "<group>"; };
/* End PBXFileReference section */

/* Begin PBXFrameworksBuildPhase section */
		0EB17D241B8610B200C59811 /* Frameworks */ = {
			isa = PBXFrameworksBuildPhase;
			buildActionMask = 2147483647;
			files = (
			);
			runOnlyForDeploymentPostprocessing = 0;
		};
/* End PBXFrameworksBuildPhase section */

/* Begin PBXGroup section */
		0E3043E31B8C66FC00300CB3 /* Gif Header Files */ = {
			isa = PBXGroup;
			children = (
				0E3043E41B8C671100300CB3 /* UIImage+animatedGIF.h */,
				0E3043E51B8C671100300CB3 /* UIImage+animatedGIF.m */,
			);
			name = "Gif Header Files";
			sourceTree = "<group>";
		};
		0EB17D1E1B8610B200C59811 = {
			isa = PBXGroup;
			children = (
				0EB17D291B8610B200C59811 /* Employee Bio App */,
				0EB17D3F1B8610B200C59811 /* Employee Bio AppTests */,
				0EB17D281B8610B200C59811 /* Products */,
			);
			sourceTree = "<group>";
		};
		0EB17D281B8610B200C59811 /* Products */ = {
			isa = PBXGroup;
			children = (
				0EB17D271B8610B200C59811 /* KM&T World.app */,
			);
			name = Products;
			sourceTree = "<group>";
		};
		0EB17D291B8610B200C59811 /* Employee Bio App */ = {
			isa = PBXGroup;
			children = (
				0EB20E0B1BA2B3C000259F07 /* OpenSan Font */,
				0E3043E31B8C66FC00300CB3 /* Gif Header Files */,
				0E4060391BA2E08F00F305F1 /* User.swift */,
				0E789B041BEB6BA70028DD60 /* CaseStudy.swift */,
				0EB17D2C1B8610B200C59811 /* AppDelegate.swift */,
				0EB17D4C1B86118400C59811 /* LoginViewController.swift */,
				0EB17D4E1B8611E700C59811 /* MainViewController.swift */,
				0EB17D541B8612A600C59811 /* BioDetailViewController.swift */,
				0EB17D521B86127000C59811 /* BioListTableViewController.swift */,
				0EB17D561B8612E300C59811 /* ContactViewController.swift */,
				0E77FAAE1B8B25FE0080D2A8 /* SectorListTableViewController.swift */,
				0E8C69C21BBA83F200FA2F28 /* CaseStudySectorListTableViewController.swift */,
				0E8C69C41BBA8E3600FA2F28 /* CaseStudyListTableViewController.swift */,
				0E8C69CC1BBACD2F00FA2F28 /* CaseStudyDetailViewController.swift */,
				0EB17D501B86123700C59811 /* SectorViewController.swift */,
				0E77FAAA1B8B1D780080D2A8 /* sectorButtons.swift */,
				0EBF92031BA19333001705D1 /* SettingsTableViewController.swift */,
				0E491FBF1BE8B9A20056DF7A /* SectorKnowledgeBaseTableViewController.swift */,
				0EB17D331B8610B200C59811 /* Images.xcassets */,
				0E37602B1BBBD4F400C1D3AA /* Main.storyboard */,
				0EB17D351B8610B200C59811 /* LaunchScreen.xib */,
				0EB17D2A1B8610B200C59811 /* Supporting Files */,
				0E3043E71B8C674A00300CB3 /* Employee Bio App-Bridging-Header.h */,
				0EA60CD11B905BA10099FC92 /* LoadingOverlay.swift */,
				0EFD57DF1BAFEDC40041FCE4 /* Reachability.swift */,
				0E789B061BECE9440028DD60 /* UserBio.swift */,
			);
			path = "Employee Bio App";
			sourceTree = "<group>";
		};
		0EB17D2A1B8610B200C59811 /* Supporting Files */ = {
			isa = PBXGroup;
			children = (
				0EB17D2B1B8610B200C59811 /* Info.plist */,
			);
			name = "Supporting Files";
			sourceTree = "<group>";
		};
		0EB17D3F1B8610B200C59811 /* Employee Bio AppTests */ = {
			isa = PBXGroup;
			children = (
				0EB17D421B8610B200C59811 /* Employee_Bio_AppTests.swift */,
				0EB17D401B8610B200C59811 /* Supporting Files */,
			);
			path = "Employee Bio AppTests";
			sourceTree = "<group>";
		};
		0EB17D401B8610B200C59811 /* Supporting Files */ = {
			isa = PBXGroup;
			children = (
				0EB17D411B8610B200C59811 /* Info.plist */,
			);
			name = "Supporting Files";
			sourceTree = "<group>";
		};
		0EB20E0B1BA2B3C000259F07 /* OpenSan Font */ = {
			isa = PBXGroup;
			children = (
				0EC9BA0D1B9EE47D005B8AD5 /* OpenSans-ExtraBold.ttf */,
				0EC9BA0C1B9EE473005B8AD5 /* OpenSans-Regular.ttf */,
			);
			name = "OpenSan Font";
			sourceTree = "<group>";
		};
/* End PBXGroup section */

/* Begin PBXNativeTarget section */
		0EB17D261B8610B200C59811 /* KM&T World */ = {
			isa = PBXNativeTarget;
			buildConfigurationList = 0EB17D461B8610B200C59811 /* Build configuration list for PBXNativeTarget "KM&T World" */;
			buildPhases = (
				0EB17D231B8610B200C59811 /* Sources */,
				0EB17D241B8610B200C59811 /* Frameworks */,
				0EB17D251B8610B200C59811 /* Resources */,
			);
			buildRules = (
			);
			dependencies = (
			);
			name = "KM&T World";
			productName = "Employee Bio App";
			productReference = 0EB17D271B8610B200C59811 /* KM&T World.app */;
			productType = "com.apple.product-type.application";
		};
/* End PBXNativeTarget section */

/* Begin PBXProject section */
		0EB17D1F1B8610B200C59811 /* Project object */ = {
			isa = PBXProject;
			attributes = {
				LastSwiftMigration = 0700;
				LastSwiftUpdateCheck = 0700;
				LastUpgradeCheck = 0700;
				ORGANIZATIONNAME = "Knowledge Management & Transfer";
				TargetAttributes = {
					0EB17D261B8610B200C59811 = {
						CreatedOnToolsVersion = 6.4;
						DevelopmentTeam = ATL4FT3RCU;
						SystemCapabilities = {
							com.apple.DataProtection = {
								enabled = 0;
							};
						};
					};
				};
			};
			buildConfigurationList = 0EB17D221B8610B200C59811 /* Build configuration list for PBXProject "KM&T World" */;
			compatibilityVersion = "Xcode 3.2";
			developmentRegion = English;
			hasScannedForEncodings = 0;
			knownRegions = (
				en,
				Base,
			);
			mainGroup = 0EB17D1E1B8610B200C59811;
			productRefGroup = 0EB17D281B8610B200C59811 /* Products */;
			projectDirPath = "";
			projectRoot = "";
			targets = (
				0EB17D261B8610B200C59811 /* KM&T World */,
			);
		};
/* End PBXProject section */

/* Begin PBXResourcesBuildPhase section */
		0EB17D251B8610B200C59811 /* Resources */ = {
			isa = PBXResourcesBuildPhase;
			buildActionMask = 2147483647;
			files = (
				0EC9BA0E1B9EE581005B8AD5 /* OpenSans-Regular.ttf in Resources */,
				0E37602D1BBBD4F400C1D3AA /* Main.storyboard in Resources */,
				0EC9BA0F1B9EE581005B8AD5 /* OpenSans-ExtraBold.ttf in Resources */,
				0EB17D371B8610B200C59811 /* LaunchScreen.xib in Resources */,
				0EB17D341B8610B200C59811 /* Images.xcassets in Resources */,
			);
			runOnlyForDeploymentPostprocessing = 0;
		};
/* End PBXResourcesBuildPhase section */

/* Begin PBXSourcesBuildPhase section */
		0EB17D231B8610B200C59811 /* Sources */ = {
			isa = PBXSourcesBuildPhase;
			buildActionMask = 2147483647;
			files = (
				0EFD57E01BAFEDC40041FCE4 /* Reachability.swift in Sources */,
				0E40603A1BA2E08F00F305F1 /* User.swift in Sources */,
				0E789B051BEB6BA70028DD60 /* CaseStudy.swift in Sources */,
				0E77FAAB1B8B1D780080D2A8 /* sectorButtons.swift in Sources */,
				0EB17D511B86123700C59811 /* SectorViewController.swift in Sources */,
				0EB17D571B8612E300C59811 /* ContactViewController.swift in Sources */,
				0EA60CD21B905BA10099FC92 /* LoadingOverlay.swift in Sources */,
				0E8C69C31BBA83F200FA2F28 /* CaseStudySectorListTableViewController.swift in Sources */,
				0E491FC01BE8B9A20056DF7A /* SectorKnowledgeBaseTableViewController.swift in Sources */,
				0E789B071BECE9440028DD60 /* UserBio.swift in Sources */,
				0EB17D4F1B8611E700C59811 /* MainViewController.swift in Sources */,
				0EB17D551B8612A600C59811 /* BioDetailViewController.swift in Sources */,
				0E8C69C51BBA8E3600FA2F28 /* CaseStudyListTableViewController.swift in Sources */,
				0EB17D4D1B86118400C59811 /* LoginViewController.swift in Sources */,
				0E8C69CD1BBACD2F00FA2F28 /* CaseStudyDetailViewController.swift in Sources */,
				0EB17D531B86127000C59811 /* BioListTableViewController.swift in Sources */,
				0EBF92041BA19333001705D1 /* SettingsTableViewController.swift in Sources */,
				0E3043E61B8C671100300CB3 /* UIImage+animatedGIF.m in Sources */,
				0EB17D2D1B8610B200C59811 /* AppDelegate.swift in Sources */,
				0E77FAAF1B8B25FE0080D2A8 /* SectorListTableViewController.swift in Sources */,
			);
			runOnlyForDeploymentPostprocessing = 0;
		};
/* End PBXSourcesBuildPhase section */

/* Begin PBXVariantGroup section */
		0E37602B1BBBD4F400C1D3AA /* Main.storyboard */ = {
			isa = PBXVariantGroup;
			children = (
				0E37602C1BBBD4F400C1D3AA /* Base */,
			);
			name = Main.storyboard;
			sourceTree = "<group>";
		};
		0EB17D351B8610B200C59811 /* LaunchScreen.xib */ = {
			isa = PBXVariantGroup;
			children = (
				0EB17D361B8610B200C59811 /* Base */,
			);
			name = LaunchScreen.xib;
			sourceTree = "<group>";
		};
/* End PBXVariantGroup section */

/* Begin XCBuildConfiguration section */
		0EB17D441B8610B200C59811 /* Debug */ = {
			isa = XCBuildConfiguration;
			buildSettings = {
				ALWAYS_SEARCH_USER_PATHS = NO;
				CLANG_CXX_LANGUAGE_STANDARD = "gnu++0x";
				CLANG_CXX_LIBRARY = "libc++";
				CLANG_ENABLE_MODULES = YES;
				CLANG_ENABLE_OBJC_ARC = YES;
				CLANG_WARN_BOOL_CONVERSION = YES;
				CLANG_WARN_CONSTANT_CONVERSION = YES;
				CLANG_WARN_DIRECT_OBJC_ISA_USAGE = YES_ERROR;
				CLANG_WARN_EMPTY_BODY = YES;
				CLANG_WARN_ENUM_CONVERSION = YES;
				CLANG_WARN_INT_CONVERSION = YES;
				CLANG_WARN_OBJC_ROOT_CLASS = YES_ERROR;
				CLANG_WARN_UNREACHABLE_CODE = YES;
				CLANG_WARN__DUPLICATE_METHOD_MATCH = YES;
				"CODE_SIGN_IDENTITY[sdk=iphoneos*]" = "iPhone Developer";
				COPY_PHASE_STRIP = NO;
				DEBUG_INFORMATION_FORMAT = "dwarf-with-dsym";
				ENABLE_STRICT_OBJC_MSGSEND = YES;
				ENABLE_TESTABILITY = YES;
				GCC_C_LANGUAGE_STANDARD = gnu99;
				GCC_DYNAMIC_NO_PIC = NO;
				GCC_NO_COMMON_BLOCKS = YES;
				GCC_OPTIMIZATION_LEVEL = 0;
				GCC_PREPROCESSOR_DEFINITIONS = (
					"DEBUG=1",
					"$(inherited)",
				);
				GCC_SYMBOLS_PRIVATE_EXTERN = NO;
				GCC_WARN_64_TO_32_BIT_CONVERSION = YES;
				GCC_WARN_ABOUT_RETURN_TYPE = YES_ERROR;
				GCC_WARN_UNDECLARED_SELECTOR = YES;
				GCC_WARN_UNINITIALIZED_AUTOS = YES_AGGRESSIVE;
				GCC_WARN_UNUSED_FUNCTION = YES;
				GCC_WARN_UNUSED_VARIABLE = YES;
				IPHONEOS_DEPLOYMENT_TARGET = 8.4;
				MTL_ENABLE_DEBUG_INFO = YES;
				ONLY_ACTIVE_ARCH = YES;
				SDKROOT = iphoneos;
				SWIFT_OPTIMIZATION_LEVEL = "-Onone";
			};
			name = Debug;
		};
		0EB17D451B8610B200C59811 /* Release */ = {
			isa = XCBuildConfiguration;
			buildSettings = {
				ALWAYS_SEARCH_USER_PATHS = NO;
				CLANG_CXX_LANGUAGE_STANDARD = "gnu++0x";
				CLANG_CXX_LIBRARY = "libc++";
				CLANG_ENABLE_MODULES = YES;
				CLANG_ENABLE_OBJC_ARC = YES;
				CLANG_WARN_BOOL_CONVERSION = YES;
				CLANG_WARN_CONSTANT_CONVERSION = YES;
				CLANG_WARN_DIRECT_OBJC_ISA_USAGE = YES_ERROR;
				CLANG_WARN_EMPTY_BODY = YES;
				CLANG_WARN_ENUM_CONVERSION = YES;
				CLANG_WARN_INT_CONVERSION = YES;
				CLANG_WARN_OBJC_ROOT_CLASS = YES_ERROR;
				CLANG_WARN_UNREACHABLE_CODE = YES;
				CLANG_WARN__DUPLICATE_METHOD_MATCH = YES;
				"CODE_SIGN_IDENTITY[sdk=iphoneos*]" = "iPhone Developer";
				COPY_PHASE_STRIP = NO;
				DEBUG_INFORMATION_FORMAT = "dwarf-with-dsym";
				ENABLE_NS_ASSERTIONS = NO;
				ENABLE_STRICT_OBJC_MSGSEND = YES;
				GCC_C_LANGUAGE_STANDARD = gnu99;
				GCC_NO_COMMON_BLOCKS = YES;
				GCC_WARN_64_TO_32_BIT_CONVERSION = YES;
				GCC_WARN_ABOUT_RETURN_TYPE = YES_ERROR;
				GCC_WARN_UNDECLARED_SELECTOR = YES;
				GCC_WARN_UNINITIALIZED_AUTOS = YES_AGGRESSIVE;
				GCC_WARN_UNUSED_FUNCTION = YES;
				GCC_WARN_UNUSED_VARIABLE = YES;
				IPHONEOS_DEPLOYMENT_TARGET = 8.4;
				MTL_ENABLE_DEBUG_INFO = NO;
				SDKROOT = iphoneos;
				VALIDATE_PRODUCT = YES;
			};
			name = Release;
		};
		0EB17D471B8610B200C59811 /* Debug */ = {
			isa = XCBuildConfiguration;
			buildSettings = {
				ASSETCATALOG_COMPILER_APPICON_NAME = AppIcon;
				CLANG_ENABLE_MODULES = YES;
				CODE_SIGN_IDENTITY = "iPhone Developer";
				"CODE_SIGN_IDENTITY[sdk=iphoneos*]" = "iPhone Developer";
				INFOPLIST_FILE = "Employee Bio App/Info.plist";
				IPHONEOS_DEPLOYMENT_TARGET = 9.0;
				LD_RUNPATH_SEARCH_PATHS = "$(inherited) @executable_path/Frameworks";
				PRODUCT_BUNDLE_IDENTIFIER = "com.kmandt.syed.kazmi.$(PRODUCT_NAME:rfc1034identifier)";
				PRODUCT_NAME = "KM&T World";
				PROVISIONING_PROFILE = "";
				SWIFT_OBJC_BRIDGING_HEADER = "Employee Bio App/Employee Bio App-Bridging-Header.h";
				SWIFT_OPTIMIZATION_LEVEL = "-Onone";
				TARGETED_DEVICE_FAMILY = "1,2";
			};
			name = Debug;
		};
		0EB17D481B8610B200C59811 /* Release */ = {
			isa = XCBuildConfiguration;
			buildSettings = {
				ASSETCATALOG_COMPILER_APPICON_NAME = AppIcon;
				CLANG_ENABLE_MODULES = YES;
				CODE_SIGN_IDENTITY = "iPhone Developer";
				"CODE_SIGN_IDENTITY[sdk=iphoneos*]" = "iPhone Developer";
				INFOPLIST_FILE = "Employee Bio App/Info.plist";
				IPHONEOS_DEPLOYMENT_TARGET = 9.0;
				LD_RUNPATH_SEARCH_PATHS = "$(inherited) @executable_path/Frameworks";
				PRODUCT_BUNDLE_IDENTIFIER = "com.kmandt.syed.kazmi.$(PRODUCT_NAME:rfc1034identifier)";
				PRODUCT_NAME = "KM&T World";
				PROVISIONING_PROFILE = "";
				SWIFT_OBJC_BRIDGING_HEADER = "Employee Bio App/Employee Bio App-Bridging-Header.h";
				TARGETED_DEVICE_FAMILY = "1,2";
			};
			name = Release;
		};
/* End XCBuildConfiguration section */

/* Begin XCConfigurationList section */
		0EB17D221B8610B200C59811 /* Build configuration list for PBXProject "KM&T World" */ = {
			isa = XCConfigurationList;
			buildConfigurations = (
				0EB17D441B8610B200C59811 /* Debug */,
				0EB17D451B8610B200C59811 /* Release */,
			);
			defaultConfigurationIsVisible = 0;
			defaultConfigurationName = Release;
		};
		0EB17D461B8610B200C59811 /* Build configuration list for PBXNativeTarget "KM&T World" */ = {
			isa = XCConfigurationList;
			buildConfigurations = (
				0EB17D471B8610B200C59811 /* Debug */,
				0EB17D481B8610B200C59811 /* Release */,
			);
			defaultConfigurationIsVisible = 0;
			defaultConfigurationName = Release;
		};
/* End XCConfigurationList section */
	};
	rootObject = 0EB17D1F1B8610B200C59811 /* Project object */;
}
